
Microsoft Visual Studio Solution File, Format Version 12.00
# Visual Studio Version 16
VisualStudioVersion = 16.0.30104.148
MinimumVisualStudioVersion = 10.0.40219.1
Project("{9A19103F-16F7-4668-BE54-9A1E7A4F7556}") = "PhoneContact", "PhoneContact.csproj", "{150EE3B6-3EFD-4167-87CD-E7D233FEE496}"
EndProject
Project("{9A19103F-16F7-4668-BE54-9A1E7A4F7556}") = "Reporting", "..\Reporting\Reporting.csproj", "{CCFA973A-5D2B-4EF2-94B4-AF2CDA61CD1F}"
EndProject
Project("{FAE04EC0-301F-11D3-BF4B-00C04F79EFBC}") = "Core", "..\Core\Core\Core.csproj", "{B04468C1-5F47-4DC4-9D2C-FEB4EEFDD1AE}"
EndProject
Project("{FAE04EC0-301F-11D3-BF4B-00C04F79EFBC}") = "DataModels", "..\DataModels\DataModels\DataModels.csproj", "{C1DA38EC-CBD1-48CA-A0E2-1A1F055DA2CC}"
EndProject
Project("{FAE04EC0-301F-11D3-BF4B-00C04F79EFBC}") = "Queries", "..\Queries\Queries\Queries.csproj", "{9604CD7C-5494-4081-90F2-686CEBF02DA0}"
EndProject
Project("{FAE04EC0-301F-11D3-BF4B-00C04F79EFBC}") = "Repositories", "..\Repositories\Repositories\Repositories.csproj", "{CAE13DC3-5920-4DFE-ADAF-2882CA3C3C2A}"
EndProject
Project("{FAE04EC0-301F-11D3-BF4B-00C04F79EFBC}") = "ViewModels", "..\ViewModels\ViewModels\ViewModels.csproj", "{50E8EC89-467F-466E-B22B-580074060915}"
EndProject
Global
	GlobalSection(SolutionConfigurationPlatforms) = preSolution
		Debug|Any CPU = Debug|Any CPU
		Release|Any CPU = Release|Any CPU
	EndGlobalSection
	GlobalSection(ProjectConfigurationPlatforms) = postSolution
		{150EE3B6-3EFD-4167-87CD-E7D233FEE496}.Debug|Any CPU.ActiveCfg = Debug|Any CPU
		{150EE3B6-3EFD-4167-87CD-E7D233FEE496}.Debug|Any CPU.Build.0 = Debug|Any CPU
		{150EE3B6-3EFD-4167-87CD-E7D233FEE496}.Release|Any CPU.ActiveCfg = Release|Any CPU
		{150EE3B6-3EFD-4167-87CD-E7D233FEE496}.Release|Any CPU.Build.0 = Release|Any CPU
		{CCFA973A-5D2B-4EF2-94B4-AF2CDA61CD1F}.Debug|Any CPU.ActiveCfg = Debug|Any CPU
		{CCFA973A-5D2B-4EF2-94B4-AF2CDA61CD1F}.Debug|Any CPU.Build.0 = Debug|Any CPU
		{CCFA973A-5D2B-4EF2-94B4-AF2CDA61CD1F}.Release|Any CPU.ActiveCfg = Release|Any CPU
		{CCFA973A-5D2B-4EF2-94B4-AF2CDA61CD1F}.Release|Any CPU.Build.0 = Release|Any CPU
		{B04468C1-5F47-4DC4-9D2C-FEB4EEFDD1AE}.Debug|Any CPU.ActiveCfg = Debug|Any CPU
		{B04468C1-5F47-4DC4-9D2C-FEB4EEFDD1AE}.Debug|Any CPU.Build.0 = Debug|Any CPU
		{B04468C1-5F47-4DC4-9D2C-FEB4EEFDD1AE}.Release|Any CPU.ActiveCfg = Release|Any CPU
		{B04468C1-5F47-4DC4-9D2C-FEB4EEFDD1AE}.Release|Any CPU.Build.0 = Release|Any CPU
		{C1DA38EC-CBD1-48CA-A0E2-1A1F055DA2CC}.Debug|Any CPU.ActiveCfg = Debug|Any CPU
		{C1DA38EC-CBD1-48CA-A0E2-1A1F055DA2CC}.Debug|Any CPU.Build.0 = Debug|Any CPU
		{C1DA38EC-CBD1-48CA-A0E2-1A1F055DA2CC}.Release|Any CPU.ActiveCfg = Release|Any CPU
		{C1DA38EC-CBD1-48CA-A0E2-1A1F055DA2CC}.Release|Any CPU.Build.0 = Release|Any CPU
		{9604CD7C-5494-4081-90F2-686CEBF02DA0}.Debug|Any CPU.ActiveCfg = Debug|Any CPU
		{9604CD7C-5494-4081-90F2-686CEBF02DA0}.Debug|Any CPU.Build.0 = Debug|Any CPU
		{9604CD7C-5494-4081-90F2-686CEBF02DA0}.Release|Any CPU.ActiveCfg = Release|Any CPU
		{9604CD7C-5494-4081-90F2-686CEBF02DA0}.Release|Any CPU.Build.0 = Release|Any CPU
		{CAE13DC3-5920-4DFE-ADAF-2882CA3C3C2A}.Debug|Any CPU.ActiveCfg = Debug|Any CPU
		{CAE13DC3-5920-4DFE-ADAF-2882CA3C3C2A}.Debug|Any CPU.Build.0 = Debug|Any CPU
		{CAE13DC3-5920-4DFE-ADAF-2882CA3C3C2A}.Release|Any CPU.ActiveCfg = Release|Any CPU
		{CAE13DC3-5920-4DFE-ADAF-2882CA3C3C2A}.Release|Any CPU.Build.0 = Release|Any CPU
		{50E8EC89-467F-466E-B22B-580074060915}.Debug|Any CPU.ActiveCfg = Debug|Any CPU
		{50E8EC89-467F-466E-B22B-580074060915}.Debug|Any CPU.Build.0 = Debug|Any CPU
		{50E8EC89-467F-466E-B22B-580074060915}.Release|Any CPU.ActiveCfg = Release|Any CPU
		{50E8EC89-467F-466E-B22B-580074060915}.Release|Any CPU.Build.0 = Release|Any CPU
	EndGlobalSection
	GlobalSection(SolutionProperties) = preSolution
		HideSolutionNode = FALSE
	EndGlobalSection
	GlobalSection(ExtensibilityGlobals) = postSolution
		SolutionGuid = {23CBAF9E-D867-46A9-9E69-58309DCE95FF}
	EndGlobalSection
EndGlobal
